
Microsoft Visual Studio Solution File, Format Version 12.00
# Visual Studio Version 17
VisualStudioVersion = 17.11.35327.3
MinimumVisualStudioVersion = 10.0.40219.1
Project("{FAE04EC0-301F-11D3-BF4B-00C04F79EFBC}") = "WinFormMethod02", "WinFormMethod02\WinFormMethod02.csproj", "{F90DE54A-5C9D-4CEB-9000-86B163362548}"
EndProject
Global
	GlobalSection(SolutionConfigurationPlatforms) = preSolution
		Debug|Any CPU = Debug|Any CPU
		Release|Any CPU = Release|Any CPU
	EndGlobalSection
	GlobalSection(ProjectConfigurationPlatforms) = postSolution
		{F90DE54A-5C9D-4CEB-9000-86B163362548}.Debug|Any CPU.ActiveCfg = Debug|Any CPU
		{F90DE54A-5C9D-4CEB-9000-86B163362548}.Debug|Any CPU.Build.0 = Debug|Any CPU
		{F90DE54A-5C9D-4CEB-9000-86B163362548}.Release|Any CPU.ActiveCfg = Release|Any CPU
		{F90DE54A-5C9D-4CEB-9000-86B163362548}.Release|Any CPU.Build.0 = Release|Any CPU
	EndGlobalSection
	GlobalSection(SolutionProperties) = preSolution
		HideSolutionNode = FALSE
	EndGlobalSection
	GlobalSection(ExtensibilityGlobals) = postSolution
		SolutionGuid = {84F9486B-9A4A-4FF9-A93A-5C75A3D9A6D3}
	EndGlobalSection
EndGlobal
